
Microsoft Visual Studio Solution File, Format Version 12.00
# Visual Studio Version 17
VisualStudioVersion = 17.4.33122.133
MinimumVisualStudioVersion = 10.0.40219.1
Project("{9A19103F-16F7-4668-BE54-9A1E7A4F7556}") = "QuestionMark", "QuestionMark\QuestionMark.csproj", "{44BAE47F-51F0-4E01-B81B-FEEEE637AD6C}"
EndProject
Project("{9A19103F-16F7-4668-BE54-9A1E7A4F7556}") = "SwitchForWhile", "SwitchForWhile\SwitchForWhile.csproj", "{B04B7886-187F-4972-9CBE-3EC70ADF2C4F}"
EndProject
Project("{FAE04EC0-301F-11D3-BF4B-00C04F79EFBC}") = "RefOutRegexTryParse", "RefOutRegexTryParse\RefOutRegexTryParse.csproj", "{9F4C38D0-3E39-4063-91EB-16E0DD8A8473}"
EndProject
Project("{FAE04EC0-301F-11D3-BF4B-00C04F79EFBC}") = "PartialClass", "PartialClass\PartialClass.csproj", "{FB230C6F-194E-4614-8215-D65DBB97155F}"
EndProject
Global
	GlobalSection(SolutionConfigurationPlatforms) = preSolution
		Debug|Any CPU = Debug|Any CPU
		Release|Any CPU = Release|Any CPU
	EndGlobalSection
	GlobalSection(ProjectConfigurationPlatforms) = postSolution
		{44BAE47F-51F0-4E01-B81B-FEEEE637AD6C}.Debug|Any CPU.ActiveCfg = Debug|Any CPU
		{44BAE47F-51F0-4E01-B81B-FEEEE637AD6C}.Debug|Any CPU.Build.0 = Debug|Any CPU
		{44BAE47F-51F0-4E01-B81B-FEEEE637AD6C}.Release|Any CPU.ActiveCfg = Release|Any CPU
		{44BAE47F-51F0-4E01-B81B-FEEEE637AD6C}.Release|Any CPU.Build.0 = Release|Any CPU
		{B04B7886-187F-4972-9CBE-3EC70ADF2C4F}.Debug|Any CPU.ActiveCfg = Debug|Any CPU
		{B04B7886-187F-4972-9CBE-3EC70ADF2C4F}.Debug|Any CPU.Build.0 = Debug|Any CPU
		{B04B7886-187F-4972-9CBE-3EC70ADF2C4F}.Release|Any CPU.ActiveCfg = Release|Any CPU
		{B04B7886-187F-4972-9CBE-3EC70ADF2C4F}.Release|Any CPU.Build.0 = Release|Any CPU
		{9F4C38D0-3E39-4063-91EB-16E0DD8A8473}.Debug|Any CPU.ActiveCfg = Debug|Any CPU
		{9F4C38D0-3E39-4063-91EB-16E0DD8A8473}.Debug|Any CPU.Build.0 = Debug|Any CPU
		{9F4C38D0-3E39-4063-91EB-16E0DD8A8473}.Release|Any CPU.ActiveCfg = Release|Any CPU
		{9F4C38D0-3E39-4063-91EB-16E0DD8A8473}.Release|Any CPU.Build.0 = Release|Any CPU
		{FB230C6F-194E-4614-8215-D65DBB97155F}.Debug|Any CPU.ActiveCfg = Debug|Any CPU
		{FB230C6F-194E-4614-8215-D65DBB97155F}.Debug|Any CPU.Build.0 = Debug|Any CPU
		{FB230C6F-194E-4614-8215-D65DBB97155F}.Release|Any CPU.ActiveCfg = Release|Any CPU
		{FB230C6F-194E-4614-8215-D65DBB97155F}.Release|Any CPU.Build.0 = Release|Any CPU
	EndGlobalSection
	GlobalSection(SolutionProperties) = preSolution
		HideSolutionNode = FALSE
	EndGlobalSection
	GlobalSection(ExtensibilityGlobals) = postSolution
		SolutionGuid = {AC3E8F20-936D-4C35-AA31-86AF259D3359}
	EndGlobalSection
EndGlobal
