
Microsoft Visual Studio Solution File, Format Version 12.00
# Visual Studio Version 17
VisualStudioVersion = 17.4.33122.133
MinimumVisualStudioVersion = 10.0.40219.1
Project("{FAE04EC0-301F-11D3-BF4B-00C04F79EFBC}") = "QuestionMark", "QuestionMark\QuestionMark.csproj", "{44BAE47F-51F0-4E01-B81B-FEEEE637AD6C}"
EndProject
Global
	GlobalSection(SolutionConfigurationPlatforms) = preSolution
		Debug|Any CPU = Debug|Any CPU
		Release|Any CPU = Release|Any CPU
	EndGlobalSection
	GlobalSection(ProjectConfigurationPlatforms) = postSolution
		{44BAE47F-51F0-4E01-B81B-FEEEE637AD6C}.Debug|Any CPU.ActiveCfg = Debug|Any CPU
		{44BAE47F-51F0-4E01-B81B-FEEEE637AD6C}.Debug|Any CPU.Build.0 = Debug|Any CPU
		{44BAE47F-51F0-4E01-B81B-FEEEE637AD6C}.Release|Any CPU.ActiveCfg = Release|Any CPU
		{44BAE47F-51F0-4E01-B81B-FEEEE637AD6C}.Release|Any CPU.Build.0 = Release|Any CPU
	EndGlobalSection
	GlobalSection(SolutionProperties) = preSolution
		HideSolutionNode = FALSE
	EndGlobalSection
	GlobalSection(ExtensibilityGlobals) = postSolution
		SolutionGuid = {AC3E8F20-936D-4C35-AA31-86AF259D3359}
	EndGlobalSection
EndGlobal
